
Microsoft Visual Studio Solution File, Format Version 12.00
# Visual Studio Version 17
VisualStudioVersion = 17.8.34525.116
MinimumVisualStudioVersion = 10.0.40219.1
Project("{FAE04EC0-301F-11D3-BF4B-00C04F79EFBC}") = "FTKRandomizer", "FTKRandomizer.csproj", "{55832AF9-7AD4-4CA7-93DD-933A18EA204D}"
EndProject
Global
	GlobalSection(SolutionConfigurationPlatforms) = preSolution
		Debug|Any CPU = Debug|Any CPU
		Release|Any CPU = Release|Any CPU
	EndGlobalSection
	GlobalSection(ProjectConfigurationPlatforms) = postSolution
		{55832AF9-7AD4-4CA7-93DD-933A18EA204D}.Debug|Any CPU.ActiveCfg = Debug|Any CPU
		{55832AF9-7AD4-4CA7-93DD-933A18EA204D}.Debug|Any CPU.Build.0 = Debug|Any CPU
		{55832AF9-7AD4-4CA7-93DD-933A18EA204D}.Release|Any CPU.ActiveCfg = Release|Any CPU
		{55832AF9-7AD4-4CA7-93DD-933A18EA204D}.Release|Any CPU.Build.0 = Release|Any CPU
	EndGlobalSection
	GlobalSection(SolutionProperties) = preSolution
		HideSolutionNode = FALSE
	EndGlobalSection
	GlobalSection(ExtensibilityGlobals) = postSolution
		SolutionGuid = {D80863D9-CA0C-4C6C-8602-457191ABE48B}
	EndGlobalSection
EndGlobal
